
Microsoft Visual Studio Solution File, Format Version 12.00
# Visual Studio Version 17
VisualStudioVersion = 17.5.33516.290
MinimumVisualStudioVersion = 10.0.40219.1
Project("{FAE04EC0-301F-11D3-BF4B-00C04F79EFBC}") = "labaratory", "labaratory\labaratory.csproj", "{EE8E5584-A843-4FA9-97F6-0EFD7285C51E}"
EndProject
Global
	GlobalSection(SolutionConfigurationPlatforms) = preSolution
		Debug|Any CPU = Debug|Any CPU
		Release|Any CPU = Release|Any CPU
	EndGlobalSection
	GlobalSection(ProjectConfigurationPlatforms) = postSolution
		{EE8E5584-A843-4FA9-97F6-0EFD7285C51E}.Debug|Any CPU.ActiveCfg = Debug|Any CPU
		{EE8E5584-A843-4FA9-97F6-0EFD7285C51E}.Debug|Any CPU.Build.0 = Debug|Any CPU
		{EE8E5584-A843-4FA9-97F6-0EFD7285C51E}.Release|Any CPU.ActiveCfg = Release|Any CPU
		{EE8E5584-A843-4FA9-97F6-0EFD7285C51E}.Release|Any CPU.Build.0 = Release|Any CPU
	EndGlobalSection
	GlobalSection(SolutionProperties) = preSolution
		HideSolutionNode = FALSE
	EndGlobalSection
	GlobalSection(ExtensibilityGlobals) = postSolution
		SolutionGuid = {A8502AC4-09E1-4353-8568-CFFF9AD742B2}
	EndGlobalSection
EndGlobal
